// !$*UTF8*$!
{
	archiveVersion = 1;
	classes = {
	};
	objectVersion = 56;
	objects = {

/* Begin PBXBuildFile section */
		2BC8A2C42A6184DF00B0A66C /* AppDelegate.swift in Sources */ = {isa = PBXBuildFile; fileRef = 2BC8A2C32A6184DF00B0A66C /* AppDelegate.swift */; };
		2BC8A2C62A6184DF00B0A66C /* SceneDelegate.swift in Sources */ = {isa = PBXBuildFile; fileRef = 2BC8A2C52A6184DF00B0A66C /* SceneDelegate.swift */; };
		2BC8A2CB2A6184DF00B0A66C /* Main.storyboard in Resources */ = {isa = PBXBuildFile; fileRef = 2BC8A2C92A6184DF00B0A66C /* Main.storyboard */; };
		2BC8A2CD2A6184E000B0A66C /* Assets.xcassets in Resources */ = {isa = PBXBuildFile; fileRef = 2BC8A2CC2A6184E000B0A66C /* Assets.xcassets */; };
		2BC8A2D02A6184E000B0A66C /* LaunchScreen.storyboard in Resources */ = {isa = PBXBuildFile; fileRef = 2BC8A2CE2A6184E000B0A66C /* LaunchScreen.storyboard */; };
		2BC8A2D82A61856B00B0A66C /* Menu.swift in Sources */ = {isa = PBXBuildFile; fileRef = 2BC8A2D72A61856B00B0A66C /* Menu.swift */; };
		2BC8A2DA2A61858000B0A66C /* Game.swift in Sources */ = {isa = PBXBuildFile; fileRef = 2BC8A2D92A61858000B0A66C /* Game.swift */; };
		2BC8A2DC2A61859900B0A66C /* Result.swift in Sources */ = {isa = PBXBuildFile; fileRef = 2BC8A2DB2A61859900B0A66C /* Result.swift */; };
/* End PBXBuildFile section */

/* Begin PBXFileReference section */
		2BC8A2C02A6184DF00B0A66C /* GameClicker.app */ = {isa = PBXFileReference; explicitFileType = wrapper.application; includeInIndex = 0; path = GameClicker.app; sourceTree = BUILT_PRODUCTS_DIR; };
		2BC8A2C32A6184DF00B0A66C /* AppDelegate.swift */ = {isa = PBXFileReference; lastKnownFileType = sourcecode.swift; path = AppDelegate.swift; sourceTree = "<group>"; };
		2BC8A2C52A6184DF00B0A66C /* SceneDelegate.swift */ = {isa = PBXFileReference; lastKnownFileType = sourcecode.swift; path = SceneDelegate.swift; sourceTree = "<group>"; };
		2BC8A2CA2A6184DF00B0A66C /* Base */ = {isa = PBXFileReference; lastKnownFileType = file.storyboard; name = Base; path = Base.lproj/Main.storyboard; sourceTree = "<group>"; };
		2BC8A2CC2A6184E000B0A66C /* Assets.xcassets */ = {isa = PBXFileReference; lastKnownFileType = folder.assetcatalog; path = Assets.xcassets; sourceTree = "<group>"; };
		2BC8A2CF2A6184E000B0A66C /* Base */ = {isa = PBXFileReference; lastKnownFileType = file.storyboard; name = Base; path = Base.lproj/LaunchScreen.storyboard; sourceTree = "<group>"; };
		2BC8A2D12A6184E000B0A66C /* Info.plist */ = {isa = PBXFileReference; lastKnownFileType = text.plist.xml; path = Info.plist; sourceTree = "<group>"; };
		2BC8A2D72A61856B00B0A66C /* Menu.swift */ = {isa = PBXFileReference; lastKnownFileType = sourcecode.swift; path = Menu.swift; sourceTree = "<group>"; };
		2BC8A2D92A61858000B0A66C /* Game.swift */ = {isa = PBXFileReference; lastKnownFileType = sourcecode.swift; path = Game.swift; sourceTree = "<group>"; };
		2BC8A2DB2A61859900B0A66C /* Result.swift */ = {isa = PBXFileReference; lastKnownFileType = sourcecode.swift; path = Result.swift; sourceTree = "<group>"; };
/* End PBXFileReference section */

/* Begin PBXFrameworksBuildPhase section */
		2BC8A2BD2A6184DF00B0A66C /* Frameworks */ = {
			isa = PBXFrameworksBuildPhase;
			buildActionMask = 2147483647;
			files = (
			);
			runOnlyForDeploymentPostprocessing = 0;
		};
/* End PBXFrameworksBuildPhase section */

/* Begin PBXGroup section */
		2BC8A2B72A6184DE00B0A66C = {
			isa = PBXGroup;
			children = (
				2BC8A2C22A6184DF00B0A66C /* GameClicker */,
				2BC8A2C12A6184DF00B0A66C /* Products */,
			);
			sourceTree = "<group>";
		};
		2BC8A2C12A6184DF00B0A66C /* Products */ = {
			isa = PBXGroup;
			children = (
				2BC8A2C02A6184DF00B0A66C /* GameClicker.app */,
			);
			name = Products;
			sourceTree = "<group>";
		};
		2BC8A2C22A6184DF00B0A66C /* GameClicker */ = {
			isa = PBXGroup;
			children = (
				2BC8A2C32A6184DF00B0A66C /* AppDelegate.swift */,
				2BC8A2C52A6184DF00B0A66C /* SceneDelegate.swift */,
				2BC8A2C92A6184DF00B0A66C /* Main.storyboard */,
				2BC8A2CC2A6184E000B0A66C /* Assets.xcassets */,
				2BC8A2CE2A6184E000B0A66C /* LaunchScreen.storyboard */,
				2BC8A2D12A6184E000B0A66C /* Info.plist */,
				2BC8A2D72A61856B00B0A66C /* Menu.swift */,
				2BC8A2D92A61858000B0A66C /* Game.swift */,
				2BC8A2DB2A61859900B0A66C /* Result.swift */,
			);
			path = GameClicker;
			sourceTree = "<group>";
		};
/* End PBXGroup section */

/* Begin PBXNativeTarget section */
		2BC8A2BF2A6184DF00B0A66C /* GameClicker */ = {
			isa = PBXNativeTarget;
			buildConfigurationList = 2BC8A2D42A6184E000B0A66C /* Build configuration list for PBXNativeTarget "GameClicker" */;
			buildPhases = (
				2BC8A2BC2A6184DF00B0A66C /* Sources */,
				2BC8A2BD2A6184DF00B0A66C /* Frameworks */,
				2BC8A2BE2A6184DF00B0A66C /* Resources */,
			);
			buildRules = (
			);
			dependencies = (
			);
			name = GameClicker;
			productName = GameClicker;
			productReference = 2BC8A2C02A6184DF00B0A66C /* GameClicker.app */;
			productType = "com.apple.product-type.application";
		};
/* End PBXNativeTarget section */

/* Begin PBXProject section */
		2BC8A2B82A6184DE00B0A66C /* Project object */ = {
			isa = PBXProject;
			attributes = {
				BuildIndependentTargetsInParallel = 1;
				LastSwiftUpdateCheck = 1430;
				LastUpgradeCheck = 1430;
				TargetAttributes = {
					2BC8A2BF2A6184DF00B0A66C = {
						CreatedOnToolsVersion = 14.3.1;
					};
				};
			};
			buildConfigurationList = 2BC8A2BB2A6184DE00B0A66C /* Build configuration list for PBXProject "GameClicker" */;
			compatibilityVersion = "Xcode 14.0";
			developmentRegion = en;
			hasScannedForEncodings = 0;
			knownRegions = (
				en,
				Base,
			);
			mainGroup = 2BC8A2B72A6184DE00B0A66C;
			productRefGroup = 2BC8A2C12A6184DF00B0A66C /* Products */;
			projectDirPath = "";
			projectRoot = "";
			targets = (
				2BC8A2BF2A6184DF00B0A66C /* GameClicker */,
			);
		};
/* End PBXProject section */

/* Begin PBXResourcesBuildPhase section */
		2BC8A2BE2A6184DF00B0A66C /* Resources */ = {
			isa = PBXResourcesBuildPhase;
			buildActionMask = 2147483647;
			files = (
				2BC8A2D02A6184E000B0A66C /* LaunchScreen.storyboard in Resources */,
				2BC8A2CD2A6184E000B0A66C /* Assets.xcassets in Resources */,
				2BC8A2CB2A6184DF00B0A66C /* Main.storyboard in Resources */,
			);
			runOnlyForDeploymentPostprocessing = 0;
		};
/* End PBXResourcesBuildPhase section */

/* Begin PBXSourcesBuildPhase section */
		2BC8A2BC2A6184DF00B0A66C /* Sources */ = {
			isa = PBXSourcesBuildPhase;
			buildActionMask = 2147483647;
			files = (
				2BC8A2DC2A61859900B0A66C /* Result.swift in Sources */,
				2BC8A2DA2A61858000B0A66C /* Game.swift in Sources */,
				2BC8A2C42A6184DF00B0A66C /* AppDelegate.swift in Sources */,
				2BC8A2D82A61856B00B0A66C /* Menu.swift in Sources */,
				2BC8A2C62A6184DF00B0A66C /* SceneDelegate.swift in Sources */,
			);
			runOnlyForDeploymentPostprocessing = 0;
		};
/* End PBXSourcesBuildPhase section */

/* Begin PBXVariantGroup section */
		2BC8A2C92A6184DF00B0A66C /* Main.storyboard */ = {
			isa = PBXVariantGroup;
			children = (
				2BC8A2CA2A6184DF00B0A66C /* Base */,
			);
			name = Main.storyboard;
			sourceTree = "<group>";
		};
		2BC8A2CE2A6184E000B0A66C /* LaunchScreen.storyboard */ = {
			isa = PBXVariantGroup;
			children = (
				2BC8A2CF2A6184E000B0A66C /* Base */,
			);
			name = LaunchScreen.storyboard;
			sourceTree = "<group>";
		};
/* End PBXVariantGroup section */

/* Begin XCBuildConfiguration section */
		2BC8A2D22A6184E000B0A66C /* Debug */ = {
			isa = XCBuildConfiguration;
			buildSettings = {
				ALWAYS_SEARCH_USER_PATHS = NO;
				CLANG_ANALYZER_NONNULL = YES;
				CLANG_ANALYZER_NUMBER_OBJECT_CONVERSION = YES_AGGRESSIVE;
				CLANG_CXX_LANGUAGE_STANDARD = "gnu++20";
				CLANG_ENABLE_MODULES = YES;
				CLANG_ENABLE_OBJC_ARC = YES;
				CLANG_ENABLE_OBJC_WEAK = YES;
				CLANG_WARN_BLOCK_CAPTURE_AUTORELEASING = YES;
				CLANG_WARN_BOOL_CONVERSION = YES;
				CLANG_WARN_COMMA = YES;
				CLANG_WARN_CONSTANT_CONVERSION = YES;
				CLANG_WARN_DEPRECATED_OBJC_IMPLEMENTATIONS = YES;
				CLANG_WARN_DIRECT_OBJC_ISA_USAGE = YES_ERROR;
				CLANG_WARN_DOCUMENTATION_COMMENTS = YES;
				CLANG_WARN_EMPTY_BODY = YES;
				CLANG_WARN_ENUM_CONVERSION = YES;
				CLANG_WARN_INFINITE_RECURSION = YES;
				CLANG_WARN_INT_CONVERSION = YES;
				CLANG_WARN_NON_LITERAL_NULL_CONVERSION = YES;
				CLANG_WARN_OBJC_IMPLICIT_RETAIN_SELF = YES;
				CLANG_WARN_OBJC_LITERAL_CONVERSION = YES;
				CLANG_WARN_OBJC_ROOT_CLASS = YES_ERROR;
				CLANG_WARN_QUOTED_INCLUDE_IN_FRAMEWORK_HEADER = YES;
				CLANG_WARN_RANGE_LOOP_ANALYSIS = YES;
				CLANG_WARN_STRICT_PROTOTYPES = YES;
				CLANG_WARN_SUSPICIOUS_MOVE = YES;
				CLANG_WARN_UNGUARDED_AVAILABILITY = YES_AGGRESSIVE;
				CLANG_WARN_UNREACHABLE_CODE = YES;
				CLANG_WARN__DUPLICATE_METHOD_MATCH = YES;
				COPY_PHASE_STRIP = NO;
				DEBUG_INFORMATION_FORMAT = dwarf;
				ENABLE_STRICT_OBJC_MSGSEND = YES;
				ENABLE_TESTABILITY = YES;
				GCC_C_LANGUAGE_STANDARD = gnu11;
				GCC_DYNAMIC_NO_PIC = NO;
				GCC_NO_COMMON_BLOCKS = YES;
				GCC_OPTIMIZATION_LEVEL = 0;
				GCC_PREPROCESSOR_DEFINITIONS = (
					"DEBUG=1",
					"$(inherited)",
				);
				GCC_WARN_64_TO_32_BIT_CONVERSION = YES;
				GCC_WARN_ABOUT_RETURN_TYPE = YES_ERROR;
				GCC_WARN_UNDECLARED_SELECTOR = YES;
				GCC_WARN_UNINITIALIZED_AUTOS = YES_AGGRESSIVE;
				GCC_WARN_UNUSED_FUNCTION = YES;
				GCC_WARN_UNUSED_VARIABLE = YES;
				IPHONEOS_DEPLOYMENT_TARGET = 16.4;
				MTL_ENABLE_DEBUG_INFO = INCLUDE_SOURCE;
				MTL_FAST_MATH = YES;
				ONLY_ACTIVE_ARCH = YES;
				SDKROOT = iphoneos;
				SWIFT_ACTIVE_COMPILATION_CONDITIONS = DEBUG;
				SWIFT_OPTIMIZATION_LEVEL = "-Onone";
			};
			name = Debug;
		};
		2BC8A2D32A6184E000B0A66C /* Release */ = {
			isa = XCBuildConfiguration;
			buildSettings = {
				ALWAYS_SEARCH_USER_PATHS = NO;
				CLANG_ANALYZER_NONNULL = YES;
				CLANG_ANALYZER_NUMBER_OBJECT_CONVERSION = YES_AGGRESSIVE;
				CLANG_CXX_LANGUAGE_STANDARD = "gnu++20";
				CLANG_ENABLE_MODULES = YES;
				CLANG_ENABLE_OBJC_ARC = YES;
				CLANG_ENABLE_OBJC_WEAK = YES;
				CLANG_WARN_BLOCK_CAPTURE_AUTORELEASING = YES;
				CLANG_WARN_BOOL_CONVERSION = YES;
				CLANG_WARN_COMMA = YES;
				CLANG_WARN_CONSTANT_CONVERSION = YES;
				CLANG_WARN_DEPRECATED_OBJC_IMPLEMENTATIONS = YES;
				CLANG_WARN_DIRECT_OBJC_ISA_USAGE = YES_ERROR;
				CLANG_WARN_DOCUMENTATION_COMMENTS = YES;
				CLANG_WARN_EMPTY_BODY = YES;
				CLANG_WARN_ENUM_CONVERSION = YES;
				CLANG_WARN_INFINITE_RECURSION = YES;
				CLANG_WARN_INT_CONVERSION = YES;
				CLANG_WARN_NON_LITERAL_NULL_CONVERSION = YES;
				CLANG_WARN_OBJC_IMPLICIT_RETAIN_SELF = YES;
				CLANG_WARN_OBJC_LITERAL_CONVERSION = YES;
				CLANG_WARN_OBJC_ROOT_CLASS = YES_ERROR;
				CLANG_WARN_QUOTED_INCLUDE_IN_FRAMEWORK_HEADER = YES;
				CLANG_WARN_RANGE_LOOP_ANALYSIS = YES;
				CLANG_WARN_STRICT_PROTOTYPES = YES;
				CLANG_WARN_SUSPICIOUS_MOVE = YES;
				CLANG_WARN_UNGUARDED_AVAILABILITY = YES_AGGRESSIVE;
				CLANG_WARN_UNREACHABLE_CODE = YES;
				CLANG_WARN__DUPLICATE_METHOD_MATCH = YES;
				COPY_PHASE_STRIP = NO;
				DEBUG_INFORMATION_FORMAT = "dwarf-with-dsym";
				ENABLE_NS_ASSERTIONS = NO;
				ENABLE_STRICT_OBJC_MSGSEND = YES;
				GCC_C_LANGUAGE_STANDARD = gnu11;
				GCC_NO_COMMON_BLOCKS = YES;
				GCC_WARN_64_TO_32_BIT_CONVERSION = YES;
				GCC_WARN_ABOUT_RETURN_TYPE = YES_ERROR;
				GCC_WARN_UNDECLARED_SELECTOR = YES;
				GCC_WARN_UNINITIALIZED_AUTOS = YES_AGGRESSIVE;
				GCC_WARN_UNUSED_FUNCTION = YES;
				GCC_WARN_UNUSED_VARIABLE = YES;
				IPHONEOS_DEPLOYMENT_TARGET = 16.4;
				MTL_ENABLE_DEBUG_INFO = NO;
				MTL_FAST_MATH = YES;
				SDKROOT = iphoneos;
				SWIFT_COMPILATION_MODE = wholemodule;
				SWIFT_OPTIMIZATION_LEVEL = "-O";
				VALIDATE_PRODUCT = YES;
			};
			name = Release;
		};
		2BC8A2D52A6184E000B0A66C /* Debug */ = {
			isa = XCBuildConfiguration;
			buildSettings = {
				ASSETCATALOG_COMPILER_APPICON_NAME = AppIcon;
				ASSETCATALOG_COMPILER_GLOBAL_ACCENT_COLOR_NAME = AccentColor;
				CODE_SIGN_STYLE = Automatic;
				CURRENT_PROJECT_VERSION = 1;
				DEVELOPMENT_TEAM = KW3NGZ3HW4;
				GENERATE_INFOPLIST_FILE = YES;
				INFOPLIST_FILE = GameClicker/Info.plist;
				INFOPLIST_KEY_UIApplicationSupportsIndirectInputEvents = YES;
				INFOPLIST_KEY_UILaunchStoryboardName = LaunchScreen;
				INFOPLIST_KEY_UIMainStoryboardFile = Main;
				INFOPLIST_KEY_UISupportedInterfaceOrientations_iPad = "UIInterfaceOrientationPortrait UIInterfaceOrientationPortraitUpsideDown UIInterfaceOrientationLandscapeLeft UIInterfaceOrientationLandscapeRight";
				INFOPLIST_KEY_UISupportedInterfaceOrientations_iPhone = "UIInterfaceOrientationPortrait UIInterfaceOrientationLandscapeLeft UIInterfaceOrientationLandscapeRight";
				LD_RUNPATH_SEARCH_PATHS = (
					"$(inherited)",
					"@executable_path/Frameworks",
				);
				MARKETING_VERSION = 1.0;
				PRODUCT_BUNDLE_IDENTIFIER = Tanya.GameClicker;
				PRODUCT_NAME = "$(TARGET_NAME)";
				SWIFT_EMIT_LOC_STRINGS = YES;
				SWIFT_VERSION = 5.0;
				TARGETED_DEVICE_FAMILY = "1,2";
			};
			name = Debug;
		};
		2BC8A2D62A6184E000B0A66C /* Release */ = {
			isa = XCBuildConfiguration;
			buildSettings = {
				ASSETCATALOG_COMPILER_APPICON_NAME = AppIcon;
				ASSETCATALOG_COMPILER_GLOBAL_ACCENT_COLOR_NAME = AccentColor;
				CODE_SIGN_STYLE = Automatic;
				CURRENT_PROJECT_VERSION = 1;
				DEVELOPMENT_TEAM = KW3NGZ3HW4;
				GENERATE_INFOPLIST_FILE = YES;
				INFOPLIST_FILE = GameClicker/Info.plist;
				INFOPLIST_KEY_UIApplicationSupportsIndirectInputEvents = YES;
				INFOPLIST_KEY_UILaunchStoryboardName = LaunchScreen;
				INFOPLIST_KEY_UIMainStoryboardFile = Main;
				INFOPLIST_KEY_UISupportedInterfaceOrientations_iPad = "UIInterfaceOrientationPortrait UIInterfaceOrientationPortraitUpsideDown UIInterfaceOrientationLandscapeLeft UIInterfaceOrientationLandscapeRight";
				INFOPLIST_KEY_UISupportedInterfaceOrientations_iPhone = "UIInterfaceOrientationPortrait UIInterfaceOrientationLandscapeLeft UIInterfaceOrientationLandscapeRight";
				LD_RUNPATH_SEARCH_PATHS = (
					"$(inherited)",
					"@executable_path/Frameworks",
				);
				MARKETING_VERSION = 1.0;
				PRODUCT_BUNDLE_IDENTIFIER = Tanya.GameClicker;
				PRODUCT_NAME = "$(TARGET_NAME)";
				SWIFT_EMIT_LOC_STRINGS = YES;
				SWIFT_VERSION = 5.0;
				TARGETED_DEVICE_FAMILY = "1,2";
			};
			name = Release;
		};
/* End XCBuildConfiguration section */

/* Begin XCConfigurationList section */
		2BC8A2BB2A6184DE00B0A66C /* Build configuration list for PBXProject "GameClicker" */ = {
			isa = XCConfigurationList;
			buildConfigurations = (
				2BC8A2D22A6184E000B0A66C /* Debug */,
				2BC8A2D32A6184E000B0A66C /* Release */,
			);
			defaultConfigurationIsVisible = 0;
			defaultConfigurationName = Release;
		};
		2BC8A2D42A6184E000B0A66C /* Build configuration list for PBXNativeTarget "GameClicker" */ = {
			isa = XCConfigurationList;
			buildConfigurations = (
				2BC8A2D52A6184E000B0A66C /* Debug */,
				2BC8A2D62A6184E000B0A66C /* Release */,
			);
			defaultConfigurationIsVisible = 0;
			defaultConfigurationName = Release;
		};
/* End XCConfigurationList section */
	};
	rootObject = 2BC8A2B82A6184DE00B0A66C /* Project object */;
}
